{
  "lockfile_version": "1",
  "packages": {
    "adrs@0.7.2": {
      "last_modified": "2026-03-01T09:58:01Z",
      "resolved": "github:NixOS/nixpkgs/42bbf3e1e000963f4f3f37daa822c67c4d8856c4#adrs",
      "source": "devbox-search",
      "version": "0.7.2",
      "systems": {
        "aarch64-darwin": {
          "outputs": [
            {
              "name": "out",
              "path": "/nix/store/61q4dazzliln3py2qkr6qm6h3l9d9j4g-adrs-0.7.2",
              "default": true
            }
          ],
          "store_path": "/nix/store/61q4dazzliln3py2qkr6qm6h3l9d9j4g-adrs-0.7.2"
        },
        "aarch64-linux": {
          "outputs": [
            {
              "name": "out",
              "path": "/nix/store/pw0mvdsmmi8jrq3f0wxjm89pbnp75hq1-adrs-0.7.2",
              "default": true
            }
          ],
          "store_path": "/nix/store/pw0mvdsmmi8jrq3f0wxjm89pbnp75hq1-adrs-0.7.2"
        },
        "x86_64-darwin": {
          "outputs": [
            {
              "name": "out",
              "path": "/nix/store/vnf1lc5gmj56lgrxa9481wxs2lq7scjy-adrs-0.7.2",
              "default": true
            }
          ],
          "store_path": "/nix/store/vnf1lc5gmj56lgrxa9481wxs2lq7scjy-adrs-0.7.2"
        },
        "x86_64-linux": {
          "outputs": [
            {
              "name": "out",
              "path": "/nix/store/zi0rfrrlc59zrf1m6xfsk5y16s4mz1ai-adrs-0.7.2",
              "default": true
            }
          ],
          "store_path": "/nix/store/zi0rfrrlc59zrf1m6xfsk5y16s4mz1ai-adrs-0.7.2"
        }
      }
    },
    "github:NixOS/nixpkgs/nixpkgs-unstable": {
      "last_modified": "2026-03-10T02:35:18Z",
      "resolved": "github:NixOS/nixpkgs/e607cb5360ff1234862ac9f8839522becb853bb9?lastModified=1773110118&narHash=sha256-mPAG8phMbCReKSiKAijjjd3v7uVcJOQ75gSjGJjt%2FRk%3D"
    },
    "opentofu@1.11.5": {
      "last_modified": "2026-02-23T15:40:43Z",
      "resolved": "github:NixOS/nixpkgs/80d901ec0377e19ac3f7bb8c035201e2e098cc97#opentofu",
      "source": "devbox-search",
      "version": "1.11.5",
      "systems": {
        "aarch64-darwin": {
          "outputs": [
            {
              "name": "out",
              "path": "/nix/store/s2g1cswgbidrzb1d7ahf4pl1zbq9l0rf-opentofu-1.11.5",
              "default": true
            }
          ],
          "store_path": "/nix/store/s2g1cswgbidrzb1d7ahf4pl1zbq9l0rf-opentofu-1.11.5"
        },
        "aarch64-linux": {
          "outputs": [
            {
              "name": "out",
              "path": "/nix/store/4qgrm5rsys5fi0ln11wl69l6g8fqvl4z-opentofu-1.11.5",
              "default": true
            }
          ],
          "store_path": "/nix/store/4qgrm5rsys5fi0ln11wl69l6g8fqvl4z-opentofu-1.11.5"
        },
        "x86_64-darwin": {
          "outputs": [
            {
              "name": "out",
              "path": "/nix/store/0wrpandhxd6agrrchpbxj13ymypgi42k-opentofu-1.11.5",
              "default": true
            }
          ],
          "store_path": "/nix/store/0wrpandhxd6agrrchpbxj13ymypgi42k-opentofu-1.11.5"
        },
        "x86_64-linux": {
          "outputs": [
            {
              "name": "out",
              "path": "/nix/store/fvm7h2ipqq5m47rsg7d4bpynaxywsb9y-opentofu-1.11.5",
              "default": true
            }
          ],
          "store_path": "/nix/store/fvm7h2ipqq5m47rsg7d4bpynaxywsb9y-opentofu-1.11.5"
        }
      }
    },
    "terraform-docs@0.21.0": {
      "last_modified": "2026-02-23T15:40:43Z",
      "resolved": "github:NixOS/nixpkgs/80d901ec0377e19ac3f7bb8c035201e2e098cc97#terraform-docs",
      "source": "devbox-search",
      "version": "0.21.0",
      "systems": {
        "aarch64-darwin": {
          "outputs": [
            {
              "name": "out",
              "path": "/nix/store/z9gg8vy1i2xw573x6h35jnjj4nancn6w-terraform-docs-0.21.0",
              "default": true
            }
          ],
          "store_path": "/nix/store/z9gg8vy1i2xw573x6h35jnjj4nancn6w-terraform-docs-0.21.0"
        },
        "aarch64-linux": {
          "outputs": [
            {
              "name": "out",
              "path": "/nix/store/jzm70j784l4ss6zgynyny0hzxhl3zbyx-terraform-docs-0.21.0",
              "default": true
            }
          ],
          "store_path": "/nix/store/jzm70j784l4ss6zgynyny0hzxhl3zbyx-terraform-docs-0.21.0"
        },
        "x86_64-darwin": {
          "outputs": [
            {
              "name": "out",
              "path": "/nix/store/2v0cyz8f9al43vyac739ivggj2dpra6i-terraform-docs-0.21.0",
              "default": true
            }
          ],
          "store_path": "/nix/store/2v0cyz8f9al43vyac739ivggj2dpra6i-terraform-docs-0.21.0"
        },
        "x86_64-linux": {
          "outputs": [
            {
              "name": "out",
              "path": "/nix/store/v239pi8d6kldi4mfd1a3znbcywbknwvx-terraform-docs-0.21.0",
              "default": true
            }
          ],
          "store_path": "/nix/store/v239pi8d6kldi4mfd1a3znbcywbknwvx-terraform-docs-0.21.0"
        }
      }
    }
  }
}
